%{
  "benchee": {:hex, :benchee, "1.3.1", "c786e6a76321121a44229dde3988fc772bca73ea75170a73fd5f4ddf1af95ccf", [:mix], [{:deep_merge, "~> 1.0", [hex: :deep_merge, repo: "hexpm", optional: false]}, {:statistex, "~> 1.0", [hex: :statistex, repo: "hexpm", optional: false]}, {:table, "~> 0.1.0", [hex: :table, repo: "hexpm", optional: true]}], "hexpm", "76224c58ea1d0391c8309a8ecbfe27d71062878f59bd41a390266bf4ac1cc56d"},
  "benchee_html": {:hex, :benchee_html, "1.0.1", "1e247c0886c3fdb0d3f4b184b653a8d6fb96e4ad0d0389267fe4f36968772e24", [:mix], [{:benchee, ">= 0.99.0 and < 2.0.0", [hex: :benchee, repo: "hexpm", optional: false]}, {:benchee_json, "~> 1.0", [hex: :benchee_json, repo: "hexpm", optional: false]}], "hexpm", "b00a181af7152431901e08f3fc9f7197ed43ff50421a8347b0c80bf45d5b3fef"},
  "benchee_json": {:hex, :benchee_json, "1.0.0", "cc661f4454d5995c08fe10dd1f2f72f229c8f0fb1c96f6b327a8c8fc96a91fe5", [:mix], [{:benchee, ">= 0.99.0 and < 2.0.0", [hex: :benchee, repo: "hexpm", optional: false]}, {:jason, "~> 1.0", [hex: :jason, repo: "hexpm", optional: false]}], "hexpm", "da05d813f9123505f870344d68fb7c86a4f0f9074df7d7b7e2bb011a63ec231c"},
  "deep_merge": {:hex, :deep_merge, "1.0.0", "b4aa1a0d1acac393bdf38b2291af38cb1d4a52806cf7a4906f718e1feb5ee961", [:mix], [], "hexpm", "ce708e5f094b9cd4e8f2be4f00d2f4250c4095be93f8cd6d018c753894885430"},
  "eflambe": {:hex, :eflambe, "0.3.1", "ef0a35084fad1f50744496730a9662782c0a9ebf449d3e03143e23295c5926ea", [:rebar3], [{:meck, "0.9.2", [hex: :meck, repo: "hexpm", optional: false]}], "hexpm", "58d5997be606d4e269e9e9705338e055281fdf3e4935cc902c8908e9e4516c5f"},
  "jason": {:hex, :jason, "1.4.1", "af1504e35f629ddcdd6addb3513c3853991f694921b1b9368b0bd32beb9f1b63", [:mix], [{:decimal, "~> 1.0 or ~> 2.0", [hex: :decimal, repo: "hexpm", optional: true]}], "hexpm", "fbb01ecdfd565b56261302f7e1fcc27c4fb8f32d56eab74db621fc154604a7a1"},
  "meck": {:hex, :meck, "0.9.2", "85ccbab053f1db86c7ca240e9fc718170ee5bda03810a6292b5306bf31bae5f5", [:rebar3], [], "hexpm", "81344f561357dc40a8344afa53767c32669153355b626ea9fcbc8da6b3045826"},
  "statistex": {:hex, :statistex, "1.0.0", "f3dc93f3c0c6c92e5f291704cf62b99b553253d7969e9a5fa713e5481cd858a5", [:mix], [], "hexpm", "ff9d8bee7035028ab4742ff52fc80a2aa35cece833cf5319009b52f1b5a86c27"},
}
