%{
  "eflambe": {:hex, :eflambe, "0.3.1", "ef0a35084fad1f50744496730a9662782c0a9ebf449d3e03143e23295c5926ea", [:rebar3], [{:meck, "0.9.2", [hex: :meck, repo: "hexpm", optional: false]}], "hexpm", "58d5997be606d4e269e9e9705338e055281fdf3e4935cc902c8908e9e4516c5f"},
  "jason": {:hex, :jason, "1.4.1", "af1504e35f629ddcdd6addb3513c3853991f694921b1b9368b0bd32beb9f1b63", [:mix], [{:decimal, "~> 1.0 or ~> 2.0", [hex: :decimal, repo: "hexpm", optional: true]}], "hexpm", "fbb01ecdfd565b56261302f7e1fcc27c4fb8f32d56eab74db621fc154604a7a1"},
  "meck": {:hex, :meck, "0.9.2", "85ccbab053f1db86c7ca240e9fc718170ee5bda03810a6292b5306bf31bae5f5", [:rebar3], [], "hexpm", "81344f561357dc40a8344afa53767c32669153355b626ea9fcbc8da6b3045826"},
}
